{
  "projects": [
    {
      "projectId": "1h4uDQ4Npe9cos6PwaUVtB",
      "version": "latest",
      "dependencies": {},
      "lang": "ts",
      "fileLocks": [
        {
          "assetId": "1h4uDQ4Npe9cos6PwaUVtB",
          "type": "projectCss",
          "checksum": "94a096a42ab59e5db738d02c0b5c91a4"
        },
        {
          "assetId": "1h4uDQ4Npe9cos6PwaUVtB",
          "checksum": "e20584638a43f00933da1ba94dc3efbd",
          "type": "projectModule"
        },
        {
          "assetId": "1h4uDQ4Npe9cos6PwaUVtB",
          "checksum": "b9a4a0473dc8478cb598570b971ce909",
          "type": "styleTokensProvider"
        },
        {
          "type": "renderModule",
          "assetId": "I_LSgFzegPf8",
          "checksum": "69b4fa05bb244d81909571f8ed22e606"
        },
        {
          "type": "cssRules",
          "assetId": "I_LSgFzegPf8",
          "checksum": "69b4fa05bb244d81909571f8ed22e606"
        }
      ],
      "codegenVersion": "0.0.2"
    }
  ],
  "cliVersion": "0.1.351"
}
